{
  "name": "workspace",
  "lockfileVersion": 3,
  "requires": true,
  "packages": {
    "": {
      "dependencies": {
        "@angular/cdk": "^20.0.1",
        "@angular/google-maps": "^20.0.1",
        "@angular/material": "^20.0.1"
      }
    },
    "node_modules/@angular/cdk": {
      "version": "20.0.1",
      "resolved": "https://registry.npmjs.org/@angular/cdk/-/cdk-20.0.1.tgz",
      "integrity": "sha512-llJIyKdF9D0hJ9/PNy9A5vmayNgHr7MtQrtjpeLyPuK8qkUnxQd9Hzv5olqixRrbxxDs/Lt0l1T2ViHGy7WYhg==",
      "license": "MIT",
      "dependencies": {
        "parse5": "^7.1.2",
        "tslib": "^2.3.0"
      },
      "peerDependencies": {
        "@angular/common": "^20.0.0 || ^21.0.0",
        "@angular/core": "^20.0.0 || ^21.0.0",
        "rxjs": "^6.5.3 || ^7.4.0"
      }
    },
    "node_modules/@angular/common": {
      "version": "20.0.0",
      "resolved": "https://registry.npmjs.org/@angular/common/-/common-20.0.0.tgz",
      "integrity": "sha512-tZTvxDjx+wH74/hIpip63u4tlaXNVXkq1iVf4gk7RPQGCAYLNPDWma8X+RpXMXWikn4/mA5NS1VBBtStTbS+gg==",
      "license": "MIT",
      "peer": true,
      "dependencies": {
        "tslib": "^2.3.0"
      },
      "engines": {
        "node": "^20.19.0 || ^22.12.0 || >=24.0.0"
      },
      "peerDependencies": {
        "@angular/core": "20.0.0",
        "rxjs": "^6.5.3 || ^7.4.0"
      }
    },
    "node_modules/@angular/core": {
      "version": "20.0.0",
      "resolved": "https://registry.npmjs.org/@angular/core/-/core-20.0.0.tgz",
      "integrity": "sha512-2UjKbTtYSY8omY+LE4G6hQ1/R4PkE6NY7/2u99TxLH/oOnc9broCH1g9ITU+n0eJURcOFeK0/w6RdSrK+di3pg==",
      "license": "MIT",
      "peer": true,
      "dependencies": {
        "tslib": "^2.3.0"
      },
      "engines": {
        "node": "^20.19.0 || ^22.12.0 || >=24.0.0"
      },
      "peerDependencies": {
        "@angular/compiler": "20.0.0",
        "rxjs": "^6.5.3 || ^7.4.0",
        "zone.js": "~0.15.0"
      },
      "peerDependenciesMeta": {
        "@angular/compiler": {
          "optional": true
        },
        "zone.js": {
          "optional": true
        }
      }
    },
    "node_modules/@angular/forms": {
      "version": "20.0.0",
      "resolved": "https://registry.npmjs.org/@angular/forms/-/forms-20.0.0.tgz",
      "integrity": "sha512-6yeb99IrNyeyj7o0bbd+n3JTZrXX2dJfdYLJH3tlXVlO9wg63bq+YR1AeM+RDCYMs+YDJis0lQpF6s+OICJv4g==",
      "license": "MIT",
      "peer": true,
      "dependencies": {
        "tslib": "^2.3.0"
      },
      "engines": {
        "node": "^20.19.0 || ^22.12.0 || >=24.0.0"
      },
      "peerDependencies": {
        "@angular/common": "20.0.0",
        "@angular/core": "20.0.0",
        "@angular/platform-browser": "20.0.0",
        "rxjs": "^6.5.3 || ^7.4.0"
      }
    },
    "node_modules/@angular/google-maps": {
      "version": "20.0.1",
      "resolved": "https://registry.npmjs.org/@angular/google-maps/-/google-maps-20.0.1.tgz",
      "integrity": "sha512-IsYnMB550BAnqqeznoznNZIXA45DI+JJDdn3MtKJRpRMR4R+ODu9NQ4ba3MU6BRgJGQ/FM6vgahiryeJToHutQ==",
      "license": "MIT",
      "dependencies": {
        "@types/google.maps": "^3.54.10",
        "tslib": "^2.3.0"
      },
      "peerDependencies": {
        "@angular/common": "^20.0.0 || ^21.0.0",
        "@angular/core": "^20.0.0 || ^21.0.0",
        "rxjs": "^6.5.3 || ^7.4.0"
      }
    },
    "node_modules/@angular/material": {
      "version": "20.0.1",
      "resolved": "https://registry.npmjs.org/@angular/material/-/material-20.0.1.tgz",
      "integrity": "sha512-ip1hLYSVi2+UtMsONnRFocof0bk+0mCXErrdfH3MLg1j5ZtJ8XEOUY9TeGqWFCkVf8J37mIAI5g2TZW1YuJLUg==",
      "license": "MIT",
      "dependencies": {
        "tslib": "^2.3.0"
      },
      "peerDependencies": {
        "@angular/cdk": "20.0.1",
        "@angular/common": "^20.0.0 || ^21.0.0",
        "@angular/core": "^20.0.0 || ^21.0.0",
        "@angular/forms": "^20.0.0 || ^21.0.0",
        "@angular/platform-browser": "^20.0.0 || ^21.0.0",
        "rxjs": "^6.5.3 || ^7.4.0"
      }
    },
    "node_modules/@angular/platform-browser": {
      "version": "20.0.0",
      "resolved": "https://registry.npmjs.org/@angular/platform-browser/-/platform-browser-20.0.0.tgz",
      "integrity": "sha512-FP9YjT2beF0tov0wub6+eUQqJd2MwyYqEQQ6+Qx67ukd04plIryhrcImORehrsN24DbnHkyTqhCvUyNAZs2uwA==",
      "license": "MIT",
      "peer": true,
      "dependencies": {
        "tslib": "^2.3.0"
      },
      "engines": {
        "node": "^20.19.0 || ^22.12.0 || >=24.0.0"
      },
      "peerDependencies": {
        "@angular/animations": "20.0.0",
        "@angular/common": "20.0.0",
        "@angular/core": "20.0.0"
      },
      "peerDependenciesMeta": {
        "@angular/animations": {
          "optional": true
        }
      }
    },
    "node_modules/@types/google.maps": {
      "version": "3.58.1",
      "resolved": "https://registry.npmjs.org/@types/google.maps/-/google.maps-3.58.1.tgz",
      "integrity": "sha512-X9QTSvGJ0nCfMzYOnaVs/k6/4L+7F5uCS+4iUmkLEls6J9S/Phv+m/i3mDeyc49ZBgwab3EFO1HEoBY7k98EGQ==",
      "license": "MIT"
    },
    "node_modules/entities": {
      "version": "6.0.0",
      "resolved": "https://registry.npmjs.org/entities/-/entities-6.0.0.tgz",
      "integrity": "sha512-aKstq2TDOndCn4diEyp9Uq/Flu2i1GlLkc6XIDQSDMuaFE3OPW5OphLCyQ5SpSJZTb4reN+kTcYru5yIfXoRPw==",
      "license": "BSD-2-Clause",
      "engines": {
        "node": ">=0.12"
      },
      "funding": {
        "url": "https://github.com/fb55/entities?sponsor=1"
      }
    },
    "node_modules/parse5": {
      "version": "7.3.0",
      "resolved": "https://registry.npmjs.org/parse5/-/parse5-7.3.0.tgz",
      "integrity": "sha512-IInvU7fabl34qmi9gY8XOVxhYyMyuH2xUNpb2q8/Y+7552KlejkRvqvD19nMoUW/uQGGbqNpA6Tufu5FL5BZgw==",
      "license": "MIT",
      "dependencies": {
        "entities": "^6.0.0"
      },
      "funding": {
        "url": "https://github.com/inikulin/parse5?sponsor=1"
      }
    },
    "node_modules/rxjs": {
      "version": "7.8.2",
      "resolved": "https://registry.npmjs.org/rxjs/-/rxjs-7.8.2.tgz",
      "integrity": "sha512-dhKf903U/PQZY6boNNtAGdWbG85WAbjT/1xYoZIC7FAY0yWapOBQVsVrDl58W86//e1VpMNBtRV4MaXfdMySFA==",
      "license": "Apache-2.0",
      "peer": true,
      "dependencies": {
        "tslib": "^2.1.0"
      }
    },
    "node_modules/tslib": {
      "version": "2.8.1",
      "resolved": "https://registry.npmjs.org/tslib/-/tslib-2.8.1.tgz",
      "integrity": "sha512-oJFu94HQb+KVduSUQL7wnpmqnfmLsOA/nAh6b6EH0wCEoK0/mPeXU6c3wKDV83MkOuHPRHtSXKKU99IBazS/2w==",
      "license": "0BSD"
    }
  }
}
